{
  "name": "@aevans04/test-node-monorepo-c",
  "version": "1.1.2",
  "lockfileVersion": 1,
  "requires": true,
  "dependencies": {
    "@aevans04/test-node-monorepo-a": {
      "version": "1.0.1",
      "resolved": "https://registry.npmjs.org/@aevans04/test-node-monorepo-a/-/test-node-monorepo-a-1.0.1.tgz",
      "integrity": "sha512-1kKNC9B47UCjL2YpwvxMPoH6LbX7Qspy6ghU3h5Y3lst1GCXut+1Hp+4sLsLRmAeTca5X2K2b1S77BNsdCh+6w=="
    }
  }
}
