lockfileVersion: '6.0'

dependencies:
  '@aevans04/dev-require':
    specifier: ^1.1.0
    version: 1.1.0
  '@aevans04/test-node-monorepo-a':
    specifier: 1.0.2
    version: 1.0.2

packages:

  /@aevans04/dev-require@1.1.0:
    resolution: {integrity: sha512-cHrdufGbx9jyuPXxxNAvJCjUZ+rS73lQKzQugrJNYlB+Eu6h14KoBx5K90N42x7vWEwjRZaer1idbuJ0eaGu3Q==}
    dependencies:
      merge: 2.1.1
    dev: false

  /@aevans04/test-node-monorepo-a@1.0.2:
    resolution: {integrity: sha512-INUSvVlHw6MAwaxlysPAPF2HsiO60QZlpDUw4NT/jmn0b2IlhIpivgDDcQWnY8NsvNhBuQIRr2LMGKWq4LXbAA==}
    dev: false

  /merge@2.1.1:
    resolution: {integrity: sha512-jz+Cfrg9GWOZbQAnDQ4hlVnQky+341Yk5ru8bZSe6sIDTCIg8n9i/u7hSQGSVOF3C7lH6mGtqjkiT9G4wFLL0w==}
    dev: false
